
Microsoft Visual Studio Solution File, Format Version 12.00
# Visual Studio 15
VisualStudioVersion = 15.0.28307.539
MinimumVisualStudioVersion = 10.0.40219.1
Project("{FAE04EC0-301F-11D3-BF4B-00C04F79EFBC}") = "AreaTest", "AreaTest\AreaTest.csproj", "{D5AE7B10-D0DF-488F-9545-FF3C2B83A26C}"
EndProject
Project("{FAE04EC0-301F-11D3-BF4B-00C04F79EFBC}") = "SurfaceLeveling", "SurfaceLeveling\SurfaceLeveling.csproj", "{F111AF8C-D424-4C1C-960C-3E6CC6D7BC32}"
EndProject
Global
	GlobalSection(SolutionConfigurationPlatforms) = preSolution
		Debug|Any CPU = Debug|Any CPU
		Release|Any CPU = Release|Any CPU
	EndGlobalSection
	GlobalSection(ProjectConfigurationPlatforms) = postSolution
		{D5AE7B10-D0DF-488F-9545-FF3C2B83A26C}.Debug|Any CPU.ActiveCfg = Debug|Any CPU
		{D5AE7B10-D0DF-488F-9545-FF3C2B83A26C}.Debug|Any CPU.Build.0 = Debug|Any CPU
		{D5AE7B10-D0DF-488F-9545-FF3C2B83A26C}.Release|Any CPU.ActiveCfg = Release|Any CPU
		{D5AE7B10-D0DF-488F-9545-FF3C2B83A26C}.Release|Any CPU.Build.0 = Release|Any CPU
		{F111AF8C-D424-4C1C-960C-3E6CC6D7BC32}.Debug|Any CPU.ActiveCfg = Debug|Any CPU
		{F111AF8C-D424-4C1C-960C-3E6CC6D7BC32}.Debug|Any CPU.Build.0 = Debug|Any CPU
		{F111AF8C-D424-4C1C-960C-3E6CC6D7BC32}.Release|Any CPU.ActiveCfg = Release|Any CPU
		{F111AF8C-D424-4C1C-960C-3E6CC6D7BC32}.Release|Any CPU.Build.0 = Release|Any CPU
	EndGlobalSection
	GlobalSection(SolutionProperties) = preSolution
		HideSolutionNode = FALSE
	EndGlobalSection
	GlobalSection(ExtensibilityGlobals) = postSolution
		SolutionGuid = {782C393F-5F34-4DAE-AE77-B8098BA00EE9}
	EndGlobalSection
EndGlobal
